{
  "name": "chatgpt-pr-bot",
  "version": "0.1.0",
  "lockfileVersion": 2,
  "requires": true,
  "packages": {
    "": {
      "name": "chatgpt-pr-bot",
      "version": "0.1.0",
      "dependencies": {
        "@actions/github": "^5.1.1",
        "openai": "^4.8.0"
      }
    },
    "node_modules/@actions/github": {
      "version": "5.1.1"
    },
    "node_modules/openai": {
      "version": "4.8.0"
    }
  },
  "dependencies": {
    "@actions/github": {
      "version": "5.1.1",
      "resolved": "https://registry.npmjs.org/@actions/github/-/github-5.1.1.tgz",
      "integrity": "sha512-PLACEHOLDER",
      "requires": {}
    },
    "openai": {
      "version": "4.8.0",
      "resolved": "https://registry.npmjs.org/openai/-/openai-4.8.0.tgz",
      "integrity": "sha512-PLACEHOLDER",
      "requires": {}
    }
  }
}
